
Microsoft Visual Studio Solution File, Format Version 12.00
# Visual Studio Version 17
VisualStudioVersion = 17.10.35013.160
MinimumVisualStudioVersion = 10.0.40219.1
Project("{FAE04EC0-301F-11D3-BF4B-00C04F79EFBC}") = "Assignment 1 oop", "Assignment 1 oop\Assignment 1 oop.csproj", "{7EB5393B-D4DD-40AC-8A3F-96CAF7685293}"
EndProject
Global
	GlobalSection(SolutionConfigurationPlatforms) = preSolution
		Debug|Any CPU = Debug|Any CPU
		Release|Any CPU = Release|Any CPU
	EndGlobalSection
	GlobalSection(ProjectConfigurationPlatforms) = postSolution
		{7EB5393B-D4DD-40AC-8A3F-96CAF7685293}.Debug|Any CPU.ActiveCfg = Debug|Any CPU
		{7EB5393B-D4DD-40AC-8A3F-96CAF7685293}.Debug|Any CPU.Build.0 = Debug|Any CPU
		{7EB5393B-D4DD-40AC-8A3F-96CAF7685293}.Release|Any CPU.ActiveCfg = Release|Any CPU
		{7EB5393B-D4DD-40AC-8A3F-96CAF7685293}.Release|Any CPU.Build.0 = Release|Any CPU
	EndGlobalSection
	GlobalSection(SolutionProperties) = preSolution
		HideSolutionNode = FALSE
	EndGlobalSection
	GlobalSection(ExtensibilityGlobals) = postSolution
		SolutionGuid = {5D96E71E-9728-4066-A487-2A61F9B0DCF9}
	EndGlobalSection
EndGlobal
